[root]
name = "solidoak"
version = "0.2.0"
dependencies = [
 "gdk 0.5.3 (registry+https://github.com/rust-lang/crates.io-index)",
 "glib 0.1.3 (registry+https://github.com/rust-lang/crates.io-index)",
 "gtk 0.1.3 (registry+https://github.com/rust-lang/crates.io-index)",
 "libc 0.2.25 (registry+https://github.com/rust-lang/crates.io-index)",
 "neovim-rs 0.1.0 (git+https://github.com/oakes/neovim-rs)",
 "rustc-serialize 0.3.24 (registry+https://github.com/rust-lang/crates.io-index)",
 "vte-rs 0.1.6 (git+https://github.com/oakes/vte-rs)",
]

[[package]]
name = "atk-sys"
version = "0.3.4"
source = "registry+https://github.com/rust-lang/crates.io-index"
dependencies = [
 "bitflags 0.8.2 (registry+https://github.com/rust-lang/crates.io-index)",
 "glib-sys 0.3.4 (registry+https://github.com/rust-lang/crates.io-index)",
 "gobject-sys 0.3.4 (registry+https://github.com/rust-lang/crates.io-index)",
 "libc 0.2.25 (registry+https://github.com/rust-lang/crates.io-index)",
 "pkg-config 0.3.9 (registry+https://github.com/rust-lang/crates.io-index)",
]

[[package]]
name = "bitflags"
version = "0.4.0"
source = "registry+https://github.com/rust-lang/crates.io-index"

[[package]]
name = "bitflags"
version = "0.5.0"
source = "registry+https://github.com/rust-lang/crates.io-index"

[[package]]
name = "bitflags"
version = "0.8.2"
source = "registry+https://github.com/rust-lang/crates.io-index"

[[package]]
name = "c_vec"
version = "1.2.1"
source = "registry+https://github.com/rust-lang/crates.io-index"

[[package]]
name = "cairo-rs"
version = "0.1.3"
source = "registry+https://github.com/rust-lang/crates.io-index"
dependencies = [
 "c_vec 1.2.1 (registry+https://github.com/rust-lang/crates.io-index)",
 "cairo-sys-rs 0.3.4 (registry+https://github.com/rust-lang/crates.io-index)",
 "glib 0.1.3 (registry+https://github.com/rust-lang/crates.io-index)",
 "libc 0.2.25 (registry+https://github.com/rust-lang/crates.io-index)",
 "winapi 0.2.8 (registry+https://github.com/rust-lang/crates.io-index)",
]

[[package]]
name = "cairo-sys-rs"
version = "0.3.4"
source = "registry+https://github.com/rust-lang/crates.io-index"
dependencies = [
 "libc 0.2.25 (registry+https://github.com/rust-lang/crates.io-index)",
 "pkg-config 0.3.9 (registry+https://github.com/rust-lang/crates.io-index)",
 "winapi 0.2.8 (registry+https://github.com/rust-lang/crates.io-index)",
]

[[package]]
name = "gdk"
version = "0.5.3"
source = "registry+https://github.com/rust-lang/crates.io-index"
dependencies = [
 "bitflags 0.5.0 (registry+https://github.com/rust-lang/crates.io-index)",
 "cairo-rs 0.1.3 (registry+https://github.com/rust-lang/crates.io-index)",
 "cairo-sys-rs 0.3.4 (registry+https://github.com/rust-lang/crates.io-index)",
 "gdk-pixbuf 0.1.3 (registry+https://github.com/rust-lang/crates.io-index)",
 "gdk-sys 0.3.4 (registry+https://github.com/rust-lang/crates.io-index)",
 "gio 0.1.3 (registry+https://github.com/rust-lang/crates.io-index)",
 "glib 0.1.3 (registry+https://github.com/rust-lang/crates.io-index)",
 "glib-sys 0.3.4 (registry+https://github.com/rust-lang/crates.io-index)",
 "gobject-sys 0.3.4 (registry+https://github.com/rust-lang/crates.io-index)",
 "libc 0.2.25 (registry+https://github.com/rust-lang/crates.io-index)",
 "pango 0.1.3 (registry+https://github.com/rust-lang/crates.io-index)",
]

[[package]]
name = "gdk-pixbuf"
version = "0.1.3"
source = "registry+https://github.com/rust-lang/crates.io-index"
dependencies = [
 "gdk-pixbuf-sys 0.3.4 (registry+https://github.com/rust-lang/crates.io-index)",
 "glib 0.1.3 (registry+https://github.com/rust-lang/crates.io-index)",
 "libc 0.2.25 (registry+https://github.com/rust-lang/crates.io-index)",
]

[[package]]
name = "gdk-pixbuf-sys"
version = "0.3.4"
source = "registry+https://github.com/rust-lang/crates.io-index"
dependencies = [
 "bitflags 0.8.2 (registry+https://github.com/rust-lang/crates.io-index)",
 "gio-sys 0.3.4 (registry+https://github.com/rust-lang/crates.io-index)",
 "glib-sys 0.3.4 (registry+https://github.com/rust-lang/crates.io-index)",
 "gobject-sys 0.3.4 (registry+https://github.com/rust-lang/crates.io-index)",
 "libc 0.2.25 (registry+https://github.com/rust-lang/crates.io-index)",
 "pkg-config 0.3.9 (registry+https://github.com/rust-lang/crates.io-index)",
]

[[package]]
name = "gdk-sys"
version = "0.3.4"
source = "registry+https://github.com/rust-lang/crates.io-index"
dependencies = [
 "bitflags 0.8.2 (registry+https://github.com/rust-lang/crates.io-index)",
 "cairo-sys-rs 0.3.4 (registry+https://github.com/rust-lang/crates.io-index)",
 "gdk-pixbuf-sys 0.3.4 (registry+https://github.com/rust-lang/crates.io-index)",
 "gio-sys 0.3.4 (registry+https://github.com/rust-lang/crates.io-index)",
 "glib-sys 0.3.4 (registry+https://github.com/rust-lang/crates.io-index)",
 "gobject-sys 0.3.4 (registry+https://github.com/rust-lang/crates.io-index)",
 "libc 0.2.25 (registry+https://github.com/rust-lang/crates.io-index)",
 "pango-sys 0.3.4 (registry+https://github.com/rust-lang/crates.io-index)",
 "pkg-config 0.3.9 (registry+https://github.com/rust-lang/crates.io-index)",
]

[[package]]
name = "gio"
version = "0.1.3"
source = "registry+https://github.com/rust-lang/crates.io-index"
dependencies = [
 "bitflags 0.5.0 (registry+https://github.com/rust-lang/crates.io-index)",
 "gio-sys 0.3.4 (registry+https://github.com/rust-lang/crates.io-index)",
 "glib 0.1.3 (registry+https://github.com/rust-lang/crates.io-index)",
 "glib-sys 0.3.4 (registry+https://github.com/rust-lang/crates.io-index)",
 "gobject-sys 0.3.4 (registry+https://github.com/rust-lang/crates.io-index)",
 "libc 0.2.25 (registry+https://github.com/rust-lang/crates.io-index)",
]

[[package]]
name = "gio-sys"
version = "0.3.4"
source = "registry+https://github.com/rust-lang/crates.io-index"
dependencies = [
 "bitflags 0.8.2 (registry+https://github.com/rust-lang/crates.io-index)",
 "glib-sys 0.3.4 (registry+https://github.com/rust-lang/crates.io-index)",
 "gobject-sys 0.3.4 (registry+https://github.com/rust-lang/crates.io-index)",
 "libc 0.2.25 (registry+https://github.com/rust-lang/crates.io-index)",
 "pkg-config 0.3.9 (registry+https://github.com/rust-lang/crates.io-index)",
]

[[package]]
name = "glib"
version = "0.1.3"
source = "registry+https://github.com/rust-lang/crates.io-index"
dependencies = [
 "bitflags 0.5.0 (registry+https://github.com/rust-lang/crates.io-index)",
 "glib-sys 0.3.4 (registry+https://github.com/rust-lang/crates.io-index)",
 "gobject-sys 0.3.4 (registry+https://github.com/rust-lang/crates.io-index)",
 "lazy_static 0.2.8 (registry+https://github.com/rust-lang/crates.io-index)",
 "libc 0.2.25 (registry+https://github.com/rust-lang/crates.io-index)",
]

[[package]]
name = "glib-sys"
version = "0.3.4"
source = "registry+https://github.com/rust-lang/crates.io-index"
dependencies = [
 "bitflags 0.8.2 (registry+https://github.com/rust-lang/crates.io-index)",
 "libc 0.2.25 (registry+https://github.com/rust-lang/crates.io-index)",
 "pkg-config 0.3.9 (registry+https://github.com/rust-lang/crates.io-index)",
]

[[package]]
name = "gobject-sys"
version = "0.3.4"
source = "registry+https://github.com/rust-lang/crates.io-index"
dependencies = [
 "bitflags 0.8.2 (registry+https://github.com/rust-lang/crates.io-index)",
 "glib-sys 0.3.4 (registry+https://github.com/rust-lang/crates.io-index)",
 "libc 0.2.25 (registry+https://github.com/rust-lang/crates.io-index)",
 "pkg-config 0.3.9 (registry+https://github.com/rust-lang/crates.io-index)",
]

[[package]]
name = "gtk"
version = "0.1.3"
source = "registry+https://github.com/rust-lang/crates.io-index"
dependencies = [
 "bitflags 0.5.0 (registry+https://github.com/rust-lang/crates.io-index)",
 "cairo-rs 0.1.3 (registry+https://github.com/rust-lang/crates.io-index)",
 "cairo-sys-rs 0.3.4 (registry+https://github.com/rust-lang/crates.io-index)",
 "gdk 0.5.3 (registry+https://github.com/rust-lang/crates.io-index)",
 "gdk-pixbuf 0.1.3 (registry+https://github.com/rust-lang/crates.io-index)",
 "gdk-pixbuf-sys 0.3.4 (registry+https://github.com/rust-lang/crates.io-index)",
 "gdk-sys 0.3.4 (registry+https://github.com/rust-lang/crates.io-index)",
 "gio 0.1.3 (registry+https://github.com/rust-lang/crates.io-index)",
 "gio-sys 0.3.4 (registry+https://github.com/rust-lang/crates.io-index)",
 "glib 0.1.3 (registry+https://github.com/rust-lang/crates.io-index)",
 "glib-sys 0.3.4 (registry+https://github.com/rust-lang/crates.io-index)",
 "gobject-sys 0.3.4 (registry+https://github.com/rust-lang/crates.io-index)",
 "gtk-sys 0.3.4 (registry+https://github.com/rust-lang/crates.io-index)",
 "libc 0.2.25 (registry+https://github.com/rust-lang/crates.io-index)",
 "pango 0.1.3 (registry+https://github.com/rust-lang/crates.io-index)",
]

[[package]]
name = "gtk-sys"
version = "0.3.4"
source = "registry+https://github.com/rust-lang/crates.io-index"
dependencies = [
 "atk-sys 0.3.4 (registry+https://github.com/rust-lang/crates.io-index)",
 "bitflags 0.8.2 (registry+https://github.com/rust-lang/crates.io-index)",
 "cairo-sys-rs 0.3.4 (registry+https://github.com/rust-lang/crates.io-index)",
 "gdk-pixbuf-sys 0.3.4 (registry+https://github.com/rust-lang/crates.io-index)",
 "gdk-sys 0.3.4 (registry+https://github.com/rust-lang/crates.io-index)",
 "gio-sys 0.3.4 (registry+https://github.com/rust-lang/crates.io-index)",
 "glib-sys 0.3.4 (registry+https://github.com/rust-lang/crates.io-index)",
 "gobject-sys 0.3.4 (registry+https://github.com/rust-lang/crates.io-index)",
 "libc 0.2.25 (registry+https://github.com/rust-lang/crates.io-index)",
 "pango-sys 0.3.4 (registry+https://github.com/rust-lang/crates.io-index)",
 "pkg-config 0.3.9 (registry+https://github.com/rust-lang/crates.io-index)",
]

[[package]]
name = "lazy_static"
version = "0.2.8"
source = "registry+https://github.com/rust-lang/crates.io-index"

[[package]]
name = "libc"
version = "0.2.25"
source = "registry+https://github.com/rust-lang/crates.io-index"

[[package]]
name = "neovim-rs"
version = "0.1.0"
source = "git+https://github.com/oakes/neovim-rs#18fa90b3f2557c151e9e84731905edf93e841cca"
dependencies = [
 "libc 0.2.25 (registry+https://github.com/rust-lang/crates.io-index)",
]

[[package]]
name = "pango"
version = "0.1.3"
source = "registry+https://github.com/rust-lang/crates.io-index"
dependencies = [
 "bitflags 0.5.0 (registry+https://github.com/rust-lang/crates.io-index)",
 "glib 0.1.3 (registry+https://github.com/rust-lang/crates.io-index)",
 "libc 0.2.25 (registry+https://github.com/rust-lang/crates.io-index)",
 "pango-sys 0.3.4 (registry+https://github.com/rust-lang/crates.io-index)",
]

[[package]]
name = "pango-sys"
version = "0.3.4"
source = "registry+https://github.com/rust-lang/crates.io-index"
dependencies = [
 "bitflags 0.8.2 (registry+https://github.com/rust-lang/crates.io-index)",
 "glib-sys 0.3.4 (registry+https://github.com/rust-lang/crates.io-index)",
 "gobject-sys 0.3.4 (registry+https://github.com/rust-lang/crates.io-index)",
 "libc 0.2.25 (registry+https://github.com/rust-lang/crates.io-index)",
 "pkg-config 0.3.9 (registry+https://github.com/rust-lang/crates.io-index)",
]

[[package]]
name = "pkg-config"
version = "0.3.9"
source = "registry+https://github.com/rust-lang/crates.io-index"

[[package]]
name = "rustc-serialize"
version = "0.3.24"
source = "registry+https://github.com/rust-lang/crates.io-index"

[[package]]
name = "vte-rs"
version = "0.1.6"
source = "git+https://github.com/oakes/vte-rs#5aa1263bba0e6211391d4995774fdc1046c4f9a0"
dependencies = [
 "bitflags 0.8.2 (registry+https://github.com/rust-lang/crates.io-index)",
 "gdk 0.5.3 (registry+https://github.com/rust-lang/crates.io-index)",
 "gdk-sys 0.3.4 (registry+https://github.com/rust-lang/crates.io-index)",
 "gio-sys 0.3.4 (registry+https://github.com/rust-lang/crates.io-index)",
 "glib 0.1.3 (registry+https://github.com/rust-lang/crates.io-index)",
 "glib-sys 0.3.4 (registry+https://github.com/rust-lang/crates.io-index)",
 "gobject-sys 0.3.4 (registry+https://github.com/rust-lang/crates.io-index)",
 "gtk 0.1.3 (registry+https://github.com/rust-lang/crates.io-index)",
 "gtk-sys 0.3.4 (registry+https://github.com/rust-lang/crates.io-index)",
 "libc 0.2.25 (registry+https://github.com/rust-lang/crates.io-index)",
 "pango 0.1.3 (registry+https://github.com/rust-lang/crates.io-index)",
 "pango-sys 0.3.4 (registry+https://github.com/rust-lang/crates.io-index)",
 "vte-sys 0.2.1 (registry+https://github.com/rust-lang/crates.io-index)",
]

[[package]]
name = "vte-sys"
version = "0.2.1"
source = "registry+https://github.com/rust-lang/crates.io-index"
dependencies = [
 "atk-sys 0.3.4 (registry+https://github.com/rust-lang/crates.io-index)",
 "bitflags 0.4.0 (registry+https://github.com/rust-lang/crates.io-index)",
 "gdk-sys 0.3.4 (registry+https://github.com/rust-lang/crates.io-index)",
 "gio-sys 0.3.4 (registry+https://github.com/rust-lang/crates.io-index)",
 "glib-sys 0.3.4 (registry+https://github.com/rust-lang/crates.io-index)",
 "gobject-sys 0.3.4 (registry+https://github.com/rust-lang/crates.io-index)",
 "gtk-sys 0.3.4 (registry+https://github.com/rust-lang/crates.io-index)",
 "libc 0.2.25 (registry+https://github.com/rust-lang/crates.io-index)",
 "pango-sys 0.3.4 (registry+https://github.com/rust-lang/crates.io-index)",
 "pkg-config 0.3.9 (registry+https://github.com/rust-lang/crates.io-index)",
]

[[package]]
name = "winapi"
version = "0.2.8"
source = "registry+https://github.com/rust-lang/crates.io-index"

[metadata]
"checksum atk-sys 0.3.4 (registry+https://github.com/rust-lang/crates.io-index)" = "d7a9635b2b56a4925bf9c9b14cb7cad91eb2c3ca1eb04671a525b9e729b5c0a2"
"checksum bitflags 0.4.0 (registry+https://github.com/rust-lang/crates.io-index)" = "8dead7461c1127cf637931a1e50934eb6eee8bff2f74433ac7909e9afcee04a3"
"checksum bitflags 0.5.0 (registry+https://github.com/rust-lang/crates.io-index)" = "4f67931368edf3a9a51d29886d245f1c3db2f1ef0dcc9e35ff70341b78c10d23"
"checksum bitflags 0.8.2 (registry+https://github.com/rust-lang/crates.io-index)" = "1370e9fc2a6ae53aea8b7a5110edbd08836ed87c88736dfabccade1c2b44bff4"
"checksum c_vec 1.2.1 (registry+https://github.com/rust-lang/crates.io-index)" = "6237ac5a4b1e81c213c24c6437964c61e646df910a914b4ab1487b46df20bd13"
"checksum cairo-rs 0.1.3 (registry+https://github.com/rust-lang/crates.io-index)" = "0180a8b65dc13e78479c6a47c4d5f094d64dc34465a9433c6daef9ae2fbfb3ee"
"checksum cairo-sys-rs 0.3.4 (registry+https://github.com/rust-lang/crates.io-index)" = "a2414b86c20c40dfb56a98b1dbca05bde56411f488d268c4289a86df1b648c61"
"checksum gdk 0.5.3 (registry+https://github.com/rust-lang/crates.io-index)" = "9f5cc612be763b8a63cee5fb8d444d9869a8690f12c199535329bcba716de5e5"
"checksum gdk-pixbuf 0.1.3 (registry+https://github.com/rust-lang/crates.io-index)" = "65506bc318d83947c3ee458cec22c35377a941770e0b762e35fbb491e91d012f"
"checksum gdk-pixbuf-sys 0.3.4 (registry+https://github.com/rust-lang/crates.io-index)" = "ff3c977528255ba4f1dfaecfb697c630996c4f5a6a3b1fbc08ff7bdeb3f754c3"
"checksum gdk-sys 0.3.4 (registry+https://github.com/rust-lang/crates.io-index)" = "c11dcde28f6ddf0bc6a93cec5205aafb034c318d99147a9668d455d66e5ba749"
"checksum gio 0.1.3 (registry+https://github.com/rust-lang/crates.io-index)" = "1b5f3ca1ee702ff9f5fea73ebb33ad8d007f2e77b8179d90689c919ef328da32"
"checksum gio-sys 0.3.4 (registry+https://github.com/rust-lang/crates.io-index)" = "963cf38f6575843b98fe7d39d426c4c0025b6f965a9a8b8c0165aface866400a"
"checksum glib 0.1.3 (registry+https://github.com/rust-lang/crates.io-index)" = "81f514a8abd315ede0e94e39ce5987fdb99191c5f812e5066bc5bdb965104fc4"
"checksum glib-sys 0.3.4 (registry+https://github.com/rust-lang/crates.io-index)" = "8826cbc94631507bdd91ee40f7e099bfaa3cc4f43c086b4d1c15cff5b4e8220b"
"checksum gobject-sys 0.3.4 (registry+https://github.com/rust-lang/crates.io-index)" = "87373f64e136e9ea192ff5d3ef676a51e9ac6ab06b629223a081e0523c5f04e2"
"checksum gtk 0.1.3 (registry+https://github.com/rust-lang/crates.io-index)" = "78d69fb7425fd6efba3b0c99f952b130fa4a0fdfdffbceb2b40ba018b2ed6a77"
"checksum gtk-sys 0.3.4 (registry+https://github.com/rust-lang/crates.io-index)" = "9391d0b50af734dbd54582d1836d0346d8daf6dc5e7f272afea96f4dcaf50b74"
"checksum lazy_static 0.2.8 (registry+https://github.com/rust-lang/crates.io-index)" = "3b37545ab726dd833ec6420aaba8231c5b320814b9029ad585555d2a03e94fbf"
"checksum libc 0.2.25 (registry+https://github.com/rust-lang/crates.io-index)" = "b807d3f9f61fec68ffa8b10389fffb9235aa0ffa32935be864b2329de5846b74"
"checksum neovim-rs 0.1.0 (git+https://github.com/oakes/neovim-rs)" = "<none>"
"checksum pango 0.1.3 (registry+https://github.com/rust-lang/crates.io-index)" = "4215233226ff03c9a3ed7c85cbc3c58257203723e3a93d5a20ce3560f66261b7"
"checksum pango-sys 0.3.4 (registry+https://github.com/rust-lang/crates.io-index)" = "e401ee469540e60a80d1df63dcea4e9c201115e79344b77529fa3705ea8eadcd"
"checksum pkg-config 0.3.9 (registry+https://github.com/rust-lang/crates.io-index)" = "3a8b4c6b8165cd1a1cd4b9b120978131389f64bdaf456435caa41e630edba903"
"checksum rustc-serialize 0.3.24 (registry+https://github.com/rust-lang/crates.io-index)" = "dcf128d1287d2ea9d80910b5f1120d0b8eede3fbf1abe91c40d39ea7d51e6fda"
"checksum vte-rs 0.1.6 (git+https://github.com/oakes/vte-rs)" = "<none>"
"checksum vte-sys 0.2.1 (registry+https://github.com/rust-lang/crates.io-index)" = "0353ce65f72860c39fee93b5d55c2d056adbcd7f4227968e118b7fecc89d47e6"
"checksum winapi 0.2.8 (registry+https://github.com/rust-lang/crates.io-index)" = "167dc9d6949a9b857f3451275e911c3f44255842c1f7a76f33c55103a909087a"
