[root]
name = "solidoak"
version = "0.1.3"
dependencies = [
 "gdk 0.2.0 (registry+https://github.com/rust-lang/crates.io-index)",
 "glib 0.0.7 (registry+https://github.com/rust-lang/crates.io-index)",
 "gtk 0.0.6 (git+https://github.com/oakes/gtk)",
 "libc 0.2.15 (registry+https://github.com/rust-lang/crates.io-index)",
 "neovim-rs 0.1.0 (git+https://github.com/oakes/neovim-rs)",
 "rustc-serialize 0.3.19 (registry+https://github.com/rust-lang/crates.io-index)",
]

[[package]]
name = "atk-sys"
version = "0.2.1"
source = "registry+https://github.com/rust-lang/crates.io-index"
dependencies = [
 "bitflags 0.3.3 (registry+https://github.com/rust-lang/crates.io-index)",
 "glib-sys 0.2.1 (registry+https://github.com/rust-lang/crates.io-index)",
 "gobject-sys 0.2.1 (registry+https://github.com/rust-lang/crates.io-index)",
 "libc 0.1.12 (registry+https://github.com/rust-lang/crates.io-index)",
 "pkg-config 0.3.8 (registry+https://github.com/rust-lang/crates.io-index)",
]

[[package]]
name = "bitflags"
version = "0.3.3"
source = "registry+https://github.com/rust-lang/crates.io-index"

[[package]]
name = "c_vec"
version = "1.0.12"
source = "registry+https://github.com/rust-lang/crates.io-index"

[[package]]
name = "cairo-rs"
version = "0.0.7"
source = "registry+https://github.com/rust-lang/crates.io-index"
dependencies = [
 "c_vec 1.0.12 (registry+https://github.com/rust-lang/crates.io-index)",
 "cairo-sys-rs 0.2.1 (registry+https://github.com/rust-lang/crates.io-index)",
 "glib 0.0.7 (registry+https://github.com/rust-lang/crates.io-index)",
 "libc 0.1.12 (registry+https://github.com/rust-lang/crates.io-index)",
]

[[package]]
name = "cairo-sys-rs"
version = "0.2.1"
source = "registry+https://github.com/rust-lang/crates.io-index"
dependencies = [
 "libc 0.1.12 (registry+https://github.com/rust-lang/crates.io-index)",
 "pkg-config 0.3.8 (registry+https://github.com/rust-lang/crates.io-index)",
]

[[package]]
name = "gcc"
version = "0.3.35"
source = "registry+https://github.com/rust-lang/crates.io-index"

[[package]]
name = "gdk"
version = "0.2.0"
source = "registry+https://github.com/rust-lang/crates.io-index"
dependencies = [
 "cairo-rs 0.0.7 (registry+https://github.com/rust-lang/crates.io-index)",
 "gdk-pixbuf-sys 0.2.1 (registry+https://github.com/rust-lang/crates.io-index)",
 "gdk-sys 0.2.1 (registry+https://github.com/rust-lang/crates.io-index)",
 "glib 0.0.7 (registry+https://github.com/rust-lang/crates.io-index)",
 "libc 0.1.12 (registry+https://github.com/rust-lang/crates.io-index)",
]

[[package]]
name = "gdk-pixbuf-sys"
version = "0.2.1"
source = "registry+https://github.com/rust-lang/crates.io-index"
dependencies = [
 "bitflags 0.3.3 (registry+https://github.com/rust-lang/crates.io-index)",
 "gio-sys 0.2.1 (registry+https://github.com/rust-lang/crates.io-index)",
 "glib-sys 0.2.1 (registry+https://github.com/rust-lang/crates.io-index)",
 "gobject-sys 0.2.1 (registry+https://github.com/rust-lang/crates.io-index)",
 "libc 0.1.12 (registry+https://github.com/rust-lang/crates.io-index)",
 "pkg-config 0.3.8 (registry+https://github.com/rust-lang/crates.io-index)",
]

[[package]]
name = "gdk-sys"
version = "0.2.1"
source = "registry+https://github.com/rust-lang/crates.io-index"
dependencies = [
 "bitflags 0.3.3 (registry+https://github.com/rust-lang/crates.io-index)",
 "cairo-sys-rs 0.2.1 (registry+https://github.com/rust-lang/crates.io-index)",
 "gdk-pixbuf-sys 0.2.1 (registry+https://github.com/rust-lang/crates.io-index)",
 "gio-sys 0.2.1 (registry+https://github.com/rust-lang/crates.io-index)",
 "glib-sys 0.2.1 (registry+https://github.com/rust-lang/crates.io-index)",
 "gobject-sys 0.2.1 (registry+https://github.com/rust-lang/crates.io-index)",
 "libc 0.1.12 (registry+https://github.com/rust-lang/crates.io-index)",
 "pango-sys 0.2.1 (registry+https://github.com/rust-lang/crates.io-index)",
 "pkg-config 0.3.8 (registry+https://github.com/rust-lang/crates.io-index)",
]

[[package]]
name = "gio-sys"
version = "0.2.1"
source = "registry+https://github.com/rust-lang/crates.io-index"
dependencies = [
 "bitflags 0.3.3 (registry+https://github.com/rust-lang/crates.io-index)",
 "glib-sys 0.2.1 (registry+https://github.com/rust-lang/crates.io-index)",
 "gobject-sys 0.2.1 (registry+https://github.com/rust-lang/crates.io-index)",
 "libc 0.1.12 (registry+https://github.com/rust-lang/crates.io-index)",
 "pkg-config 0.3.8 (registry+https://github.com/rust-lang/crates.io-index)",
]

[[package]]
name = "glib"
version = "0.0.7"
source = "registry+https://github.com/rust-lang/crates.io-index"
dependencies = [
 "gio-sys 0.2.1 (registry+https://github.com/rust-lang/crates.io-index)",
 "glib-sys 0.2.1 (registry+https://github.com/rust-lang/crates.io-index)",
 "gobject-sys 0.2.1 (registry+https://github.com/rust-lang/crates.io-index)",
 "libc 0.1.12 (registry+https://github.com/rust-lang/crates.io-index)",
]

[[package]]
name = "glib-sys"
version = "0.2.1"
source = "registry+https://github.com/rust-lang/crates.io-index"
dependencies = [
 "bitflags 0.3.3 (registry+https://github.com/rust-lang/crates.io-index)",
 "libc 0.1.12 (registry+https://github.com/rust-lang/crates.io-index)",
 "pkg-config 0.3.8 (registry+https://github.com/rust-lang/crates.io-index)",
]

[[package]]
name = "gobject-sys"
version = "0.2.1"
source = "registry+https://github.com/rust-lang/crates.io-index"
dependencies = [
 "bitflags 0.3.3 (registry+https://github.com/rust-lang/crates.io-index)",
 "glib-sys 0.2.1 (registry+https://github.com/rust-lang/crates.io-index)",
 "libc 0.1.12 (registry+https://github.com/rust-lang/crates.io-index)",
 "pkg-config 0.3.8 (registry+https://github.com/rust-lang/crates.io-index)",
]

[[package]]
name = "gtk"
version = "0.0.6"
source = "git+https://github.com/oakes/gtk#4d6325be9c795918fec6b209c3936485d49b666c"
dependencies = [
 "cairo-rs 0.0.7 (registry+https://github.com/rust-lang/crates.io-index)",
 "cairo-sys-rs 0.2.1 (registry+https://github.com/rust-lang/crates.io-index)",
 "gdk 0.2.0 (registry+https://github.com/rust-lang/crates.io-index)",
 "gdk-pixbuf-sys 0.2.1 (registry+https://github.com/rust-lang/crates.io-index)",
 "gdk-sys 0.2.1 (registry+https://github.com/rust-lang/crates.io-index)",
 "gio-sys 0.2.1 (registry+https://github.com/rust-lang/crates.io-index)",
 "glib 0.0.7 (registry+https://github.com/rust-lang/crates.io-index)",
 "glib-sys 0.2.1 (registry+https://github.com/rust-lang/crates.io-index)",
 "gobject-sys 0.2.1 (registry+https://github.com/rust-lang/crates.io-index)",
 "gtk-sys 0.2.1 (git+https://github.com/oakes/gtk)",
 "libc 0.1.12 (registry+https://github.com/rust-lang/crates.io-index)",
 "pango 0.0.6 (registry+https://github.com/rust-lang/crates.io-index)",
 "pango-sys 0.2.1 (registry+https://github.com/rust-lang/crates.io-index)",
]

[[package]]
name = "gtk-sys"
version = "0.2.1"
source = "git+https://github.com/oakes/gtk#4d6325be9c795918fec6b209c3936485d49b666c"
dependencies = [
 "atk-sys 0.2.1 (registry+https://github.com/rust-lang/crates.io-index)",
 "bitflags 0.3.3 (registry+https://github.com/rust-lang/crates.io-index)",
 "cairo-sys-rs 0.2.1 (registry+https://github.com/rust-lang/crates.io-index)",
 "gcc 0.3.35 (registry+https://github.com/rust-lang/crates.io-index)",
 "gdk-pixbuf-sys 0.2.1 (registry+https://github.com/rust-lang/crates.io-index)",
 "gdk-sys 0.2.1 (registry+https://github.com/rust-lang/crates.io-index)",
 "gio-sys 0.2.1 (registry+https://github.com/rust-lang/crates.io-index)",
 "glib-sys 0.2.1 (registry+https://github.com/rust-lang/crates.io-index)",
 "gobject-sys 0.2.1 (registry+https://github.com/rust-lang/crates.io-index)",
 "libc 0.1.12 (registry+https://github.com/rust-lang/crates.io-index)",
 "pango-sys 0.2.1 (registry+https://github.com/rust-lang/crates.io-index)",
 "pkg-config 0.3.8 (registry+https://github.com/rust-lang/crates.io-index)",
]

[[package]]
name = "libc"
version = "0.1.12"
source = "registry+https://github.com/rust-lang/crates.io-index"

[[package]]
name = "libc"
version = "0.2.15"
source = "registry+https://github.com/rust-lang/crates.io-index"

[[package]]
name = "neovim-rs"
version = "0.1.0"
source = "git+https://github.com/oakes/neovim-rs#61d61015c4e5a1aaf839dbfdd614177bfe49cc78"
dependencies = [
 "libc 0.2.15 (registry+https://github.com/rust-lang/crates.io-index)",
]

[[package]]
name = "pango"
version = "0.0.6"
source = "registry+https://github.com/rust-lang/crates.io-index"
dependencies = [
 "glib 0.0.7 (registry+https://github.com/rust-lang/crates.io-index)",
 "libc 0.1.12 (registry+https://github.com/rust-lang/crates.io-index)",
 "pango-sys 0.2.1 (registry+https://github.com/rust-lang/crates.io-index)",
]

[[package]]
name = "pango-sys"
version = "0.2.1"
source = "registry+https://github.com/rust-lang/crates.io-index"
dependencies = [
 "bitflags 0.3.3 (registry+https://github.com/rust-lang/crates.io-index)",
 "glib-sys 0.2.1 (registry+https://github.com/rust-lang/crates.io-index)",
 "gobject-sys 0.2.1 (registry+https://github.com/rust-lang/crates.io-index)",
 "libc 0.1.12 (registry+https://github.com/rust-lang/crates.io-index)",
 "pkg-config 0.3.8 (registry+https://github.com/rust-lang/crates.io-index)",
]

[[package]]
name = "pkg-config"
version = "0.3.8"
source = "registry+https://github.com/rust-lang/crates.io-index"

[[package]]
name = "rustc-serialize"
version = "0.3.19"
source = "registry+https://github.com/rust-lang/crates.io-index"

