[root]
name = "solidoak"
version = "0.1.3"
dependencies = [
 "gdk 0.2.0 (registry+https://github.com/rust-lang/crates.io-index)",
 "glib 0.0.7 (registry+https://github.com/rust-lang/crates.io-index)",
 "gtk 0.0.6 (git+https://github.com/oakes/gtk)",
 "libc 0.2.21 (registry+https://github.com/rust-lang/crates.io-index)",
 "neovim-rs 0.1.0 (git+https://github.com/oakes/neovim-rs)",
 "rustc-serialize 0.3.23 (registry+https://github.com/rust-lang/crates.io-index)",
]

[[package]]
name = "atk-sys"
version = "0.2.1"
source = "registry+https://github.com/rust-lang/crates.io-index"
dependencies = [
 "bitflags 0.3.3 (registry+https://github.com/rust-lang/crates.io-index)",
 "glib-sys 0.2.1 (registry+https://github.com/rust-lang/crates.io-index)",
 "gobject-sys 0.2.1 (registry+https://github.com/rust-lang/crates.io-index)",
 "libc 0.1.12 (registry+https://github.com/rust-lang/crates.io-index)",
 "pkg-config 0.3.9 (registry+https://github.com/rust-lang/crates.io-index)",
]

[[package]]
name = "bitflags"
version = "0.3.3"
source = "registry+https://github.com/rust-lang/crates.io-index"

[[package]]
name = "c_vec"
version = "1.0.12"
source = "registry+https://github.com/rust-lang/crates.io-index"

[[package]]
name = "cairo-rs"
version = "0.0.7"
source = "registry+https://github.com/rust-lang/crates.io-index"
dependencies = [
 "c_vec 1.0.12 (registry+https://github.com/rust-lang/crates.io-index)",
 "cairo-sys-rs 0.2.1 (registry+https://github.com/rust-lang/crates.io-index)",
 "glib 0.0.7 (registry+https://github.com/rust-lang/crates.io-index)",
 "libc 0.1.12 (registry+https://github.com/rust-lang/crates.io-index)",
]

[[package]]
name = "cairo-sys-rs"
version = "0.2.1"
source = "registry+https://github.com/rust-lang/crates.io-index"
dependencies = [
 "libc 0.1.12 (registry+https://github.com/rust-lang/crates.io-index)",
 "pkg-config 0.3.9 (registry+https://github.com/rust-lang/crates.io-index)",
]

[[package]]
name = "gcc"
version = "0.3.45"
source = "registry+https://github.com/rust-lang/crates.io-index"

[[package]]
name = "gdk"
version = "0.2.0"
source = "registry+https://github.com/rust-lang/crates.io-index"
dependencies = [
 "cairo-rs 0.0.7 (registry+https://github.com/rust-lang/crates.io-index)",
 "gdk-pixbuf-sys 0.2.1 (registry+https://github.com/rust-lang/crates.io-index)",
 "gdk-sys 0.2.1 (registry+https://github.com/rust-lang/crates.io-index)",
 "glib 0.0.7 (registry+https://github.com/rust-lang/crates.io-index)",
 "libc 0.1.12 (registry+https://github.com/rust-lang/crates.io-index)",
]

[[package]]
name = "gdk-pixbuf-sys"
version = "0.2.1"
source = "registry+https://github.com/rust-lang/crates.io-index"
dependencies = [
 "bitflags 0.3.3 (registry+https://github.com/rust-lang/crates.io-index)",
 "gio-sys 0.2.1 (registry+https://github.com/rust-lang/crates.io-index)",
 "glib-sys 0.2.1 (registry+https://github.com/rust-lang/crates.io-index)",
 "gobject-sys 0.2.1 (registry+https://github.com/rust-lang/crates.io-index)",
 "libc 0.1.12 (registry+https://github.com/rust-lang/crates.io-index)",
 "pkg-config 0.3.9 (registry+https://github.com/rust-lang/crates.io-index)",
]

[[package]]
name = "gdk-sys"
version = "0.2.1"
source = "registry+https://github.com/rust-lang/crates.io-index"
dependencies = [
 "bitflags 0.3.3 (registry+https://github.com/rust-lang/crates.io-index)",
 "cairo-sys-rs 0.2.1 (registry+https://github.com/rust-lang/crates.io-index)",
 "gdk-pixbuf-sys 0.2.1 (registry+https://github.com/rust-lang/crates.io-index)",
 "gio-sys 0.2.1 (registry+https://github.com/rust-lang/crates.io-index)",
 "glib-sys 0.2.1 (registry+https://github.com/rust-lang/crates.io-index)",
 "gobject-sys 0.2.1 (registry+https://github.com/rust-lang/crates.io-index)",
 "libc 0.1.12 (registry+https://github.com/rust-lang/crates.io-index)",
 "pango-sys 0.2.1 (registry+https://github.com/rust-lang/crates.io-index)",
 "pkg-config 0.3.9 (registry+https://github.com/rust-lang/crates.io-index)",
]

[[package]]
name = "gio-sys"
version = "0.2.1"
source = "registry+https://github.com/rust-lang/crates.io-index"
dependencies = [
 "bitflags 0.3.3 (registry+https://github.com/rust-lang/crates.io-index)",
 "glib-sys 0.2.1 (registry+https://github.com/rust-lang/crates.io-index)",
 "gobject-sys 0.2.1 (registry+https://github.com/rust-lang/crates.io-index)",
 "libc 0.1.12 (registry+https://github.com/rust-lang/crates.io-index)",
 "pkg-config 0.3.9 (registry+https://github.com/rust-lang/crates.io-index)",
]

[[package]]
name = "glib"
version = "0.0.7"
source = "registry+https://github.com/rust-lang/crates.io-index"
dependencies = [
 "gio-sys 0.2.1 (registry+https://github.com/rust-lang/crates.io-index)",
 "glib-sys 0.2.1 (registry+https://github.com/rust-lang/crates.io-index)",
 "gobject-sys 0.2.1 (registry+https://github.com/rust-lang/crates.io-index)",
 "libc 0.1.12 (registry+https://github.com/rust-lang/crates.io-index)",
]

[[package]]
name = "glib-sys"
version = "0.2.1"
source = "registry+https://github.com/rust-lang/crates.io-index"
dependencies = [
 "bitflags 0.3.3 (registry+https://github.com/rust-lang/crates.io-index)",
 "libc 0.1.12 (registry+https://github.com/rust-lang/crates.io-index)",
 "pkg-config 0.3.9 (registry+https://github.com/rust-lang/crates.io-index)",
]

[[package]]
name = "gobject-sys"
version = "0.2.1"
source = "registry+https://github.com/rust-lang/crates.io-index"
dependencies = [
 "bitflags 0.3.3 (registry+https://github.com/rust-lang/crates.io-index)",
 "glib-sys 0.2.1 (registry+https://github.com/rust-lang/crates.io-index)",
 "libc 0.1.12 (registry+https://github.com/rust-lang/crates.io-index)",
 "pkg-config 0.3.9 (registry+https://github.com/rust-lang/crates.io-index)",
]

[[package]]
name = "gtk"
version = "0.0.6"
source = "git+https://github.com/oakes/gtk#4d6325be9c795918fec6b209c3936485d49b666c"
dependencies = [
 "cairo-rs 0.0.7 (registry+https://github.com/rust-lang/crates.io-index)",
 "cairo-sys-rs 0.2.1 (registry+https://github.com/rust-lang/crates.io-index)",
 "gdk 0.2.0 (registry+https://github.com/rust-lang/crates.io-index)",
 "gdk-pixbuf-sys 0.2.1 (registry+https://github.com/rust-lang/crates.io-index)",
 "gdk-sys 0.2.1 (registry+https://github.com/rust-lang/crates.io-index)",
 "gio-sys 0.2.1 (registry+https://github.com/rust-lang/crates.io-index)",
 "glib 0.0.7 (registry+https://github.com/rust-lang/crates.io-index)",
 "glib-sys 0.2.1 (registry+https://github.com/rust-lang/crates.io-index)",
 "gobject-sys 0.2.1 (registry+https://github.com/rust-lang/crates.io-index)",
 "gtk-sys 0.2.1 (git+https://github.com/oakes/gtk)",
 "libc 0.1.12 (registry+https://github.com/rust-lang/crates.io-index)",
 "pango 0.0.6 (registry+https://github.com/rust-lang/crates.io-index)",
 "pango-sys 0.2.1 (registry+https://github.com/rust-lang/crates.io-index)",
]

[[package]]
name = "gtk-sys"
version = "0.2.1"
source = "git+https://github.com/oakes/gtk#4d6325be9c795918fec6b209c3936485d49b666c"
dependencies = [
 "atk-sys 0.2.1 (registry+https://github.com/rust-lang/crates.io-index)",
 "bitflags 0.3.3 (registry+https://github.com/rust-lang/crates.io-index)",
 "cairo-sys-rs 0.2.1 (registry+https://github.com/rust-lang/crates.io-index)",
 "gcc 0.3.45 (registry+https://github.com/rust-lang/crates.io-index)",
 "gdk-pixbuf-sys 0.2.1 (registry+https://github.com/rust-lang/crates.io-index)",
 "gdk-sys 0.2.1 (registry+https://github.com/rust-lang/crates.io-index)",
 "gio-sys 0.2.1 (registry+https://github.com/rust-lang/crates.io-index)",
 "glib-sys 0.2.1 (registry+https://github.com/rust-lang/crates.io-index)",
 "gobject-sys 0.2.1 (registry+https://github.com/rust-lang/crates.io-index)",
 "libc 0.1.12 (registry+https://github.com/rust-lang/crates.io-index)",
 "pango-sys 0.2.1 (registry+https://github.com/rust-lang/crates.io-index)",
 "pkg-config 0.3.9 (registry+https://github.com/rust-lang/crates.io-index)",
]

[[package]]
name = "libc"
version = "0.1.12"
source = "registry+https://github.com/rust-lang/crates.io-index"

[[package]]
name = "libc"
version = "0.2.21"
source = "registry+https://github.com/rust-lang/crates.io-index"

[[package]]
name = "neovim-rs"
version = "0.1.0"
source = "git+https://github.com/oakes/neovim-rs#a874281d75f28071a9c2ca850e0714dcff25b020"
dependencies = [
 "libc 0.2.21 (registry+https://github.com/rust-lang/crates.io-index)",
]

[[package]]
name = "pango"
version = "0.0.6"
source = "registry+https://github.com/rust-lang/crates.io-index"
dependencies = [
 "glib 0.0.7 (registry+https://github.com/rust-lang/crates.io-index)",
 "libc 0.1.12 (registry+https://github.com/rust-lang/crates.io-index)",
 "pango-sys 0.2.1 (registry+https://github.com/rust-lang/crates.io-index)",
]

[[package]]
name = "pango-sys"
version = "0.2.1"
source = "registry+https://github.com/rust-lang/crates.io-index"
dependencies = [
 "bitflags 0.3.3 (registry+https://github.com/rust-lang/crates.io-index)",
 "glib-sys 0.2.1 (registry+https://github.com/rust-lang/crates.io-index)",
 "gobject-sys 0.2.1 (registry+https://github.com/rust-lang/crates.io-index)",
 "libc 0.1.12 (registry+https://github.com/rust-lang/crates.io-index)",
 "pkg-config 0.3.9 (registry+https://github.com/rust-lang/crates.io-index)",
]

[[package]]
name = "pkg-config"
version = "0.3.9"
source = "registry+https://github.com/rust-lang/crates.io-index"

[[package]]
name = "rustc-serialize"
version = "0.3.23"
source = "registry+https://github.com/rust-lang/crates.io-index"

[metadata]
"checksum atk-sys 0.2.1 (registry+https://github.com/rust-lang/crates.io-index)" = "d118baf6fabc24601d70bee26885b58826e4af2e7e06e6af11934aa75b9876e2"
"checksum bitflags 0.3.3 (registry+https://github.com/rust-lang/crates.io-index)" = "32866f4d103c4e438b1db1158aa1b1a80ee078e5d77a59a2f906fd62a577389c"
"checksum c_vec 1.0.12 (registry+https://github.com/rust-lang/crates.io-index)" = "aa9e1d9f7d49e289f36f19effbf3d5a5e30163ecf9c7a3c9be94d5374dec5b9a"
"checksum cairo-rs 0.0.7 (registry+https://github.com/rust-lang/crates.io-index)" = "82db5cd2d1fc0431d99a2bb3f9b2a9f244ac93ef809b8430884f8390f3a6e1ee"
"checksum cairo-sys-rs 0.2.1 (registry+https://github.com/rust-lang/crates.io-index)" = "c35e99053a2248fec6eefe11ec222311a65b3a087449dac037b21e14fbb86198"
"checksum gcc 0.3.45 (registry+https://github.com/rust-lang/crates.io-index)" = "40899336fb50db0c78710f53e87afc54d8c7266fb76262fecc78ca1a7f09deae"
"checksum gdk 0.2.0 (registry+https://github.com/rust-lang/crates.io-index)" = "3bc4a00ade4f21aa9663e22346ab24725f3d0519d921edbf0cbc6bef6a6490cf"
"checksum gdk-pixbuf-sys 0.2.1 (registry+https://github.com/rust-lang/crates.io-index)" = "36414a3ee0a65ff2cf42a7fd2573987c20cb7c049caec74cf0c4d1106c6bd004"
"checksum gdk-sys 0.2.1 (registry+https://github.com/rust-lang/crates.io-index)" = "6a4b2973f69a33e64a03df32c9a9fdcf21988365e78d672dda2072e09bc4d130"
"checksum gio-sys 0.2.1 (registry+https://github.com/rust-lang/crates.io-index)" = "7b9d6d108b3d145c234850b82690512ea5824700ba1e49ea3f7de52da2ff47c9"
"checksum glib 0.0.7 (registry+https://github.com/rust-lang/crates.io-index)" = "bcd3e3151cae38b32b8747101d784a5c0367950d2f32b6bd00225fe8b472f39e"
"checksum glib-sys 0.2.1 (registry+https://github.com/rust-lang/crates.io-index)" = "95a9436c10dd813792adb363d3196bf37e5295a0584a25f03bafd1382fbb8c3a"
"checksum gobject-sys 0.2.1 (registry+https://github.com/rust-lang/crates.io-index)" = "257fe2ae475bf59665005ad335841b6724bcca8a873051890f48fd11864de792"
"checksum gtk 0.0.6 (git+https://github.com/oakes/gtk)" = "<none>"
"checksum gtk-sys 0.2.1 (git+https://github.com/oakes/gtk)" = "<none>"
"checksum libc 0.1.12 (registry+https://github.com/rust-lang/crates.io-index)" = "e32a70cf75e5846d53a673923498228bbec6a8624708a9ea5645f075d6276122"
"checksum libc 0.2.21 (registry+https://github.com/rust-lang/crates.io-index)" = "88ee81885f9f04bff991e306fea7c1c60a5f0f9e409e99f6b40e3311a3363135"
"checksum neovim-rs 0.1.0 (git+https://github.com/oakes/neovim-rs)" = "<none>"
"checksum pango 0.0.6 (registry+https://github.com/rust-lang/crates.io-index)" = "c6e049303510f9bd0e047e77c1e6e9d0693cb12a7a7299622b237736b9602a51"
"checksum pango-sys 0.2.1 (registry+https://github.com/rust-lang/crates.io-index)" = "0e0badcede5e8f2c67a6cdbc7cd60e10662777fb673fc130bf057f7a76ea2570"
"checksum pkg-config 0.3.9 (registry+https://github.com/rust-lang/crates.io-index)" = "3a8b4c6b8165cd1a1cd4b9b120978131389f64bdaf456435caa41e630edba903"
"checksum rustc-serialize 0.3.23 (registry+https://github.com/rust-lang/crates.io-index)" = "684ce48436d6465300c9ea783b6b14c4361d6b8dcbb1375b486a69cc19e2dfb0"
